// !$*UTF8*$!
{
	archiveVersion = 1;
	classes = {
	};
	objectVersion = 50;
	objects = {

/* Begin PBXBuildFile section */
		ABCDEF1234567890ABCDEF12 /* TestApp.swift in Sources */ = {isa = PBXBuildFile; fileRef = ABCDEF1234567890ABCDEF13 /* TestApp.swift */; };
		ABCDEF1234567890ABCDEF14 /* TextChatView.swift in Sources */ = {isa = PBXBuildFile; fileRef = ABCDEF1234567890ABCDEF15 /* TextChatView.swift */; };
		ABCDEF1234567890ABCDEF16 /* Assets.xcassets in Resources */ = {isa = PBXBuildFile; fileRef = ABCDEF1234567890ABCDEF17 /* Assets.xcassets */; };
		ABCDEF1234567890ABCDEF18 /* Preview Assets.xcassets in Resources */ = {isa = PBXBuildFile; fileRef = ABCDEF1234567890ABCDEF19 /* Preview Assets.xcassets */; };
		ABCDEF1234567890ABCDEF20 /* WebSocketManager.swift in Sources */ = {isa = PBXBuildFile; fileRef = ABCDEF1234567890ABCDEF21 /* WebSocketManager.swift */; };
		ABCDEF1234567890ABCDEF22 /* TextChatViewModel.swift in Sources */ = {isa = PBXBuildFile; fileRef = ABCDEF1234567890ABCDEF23 /* TextChatViewModel.swift */; };
		ABCDEF1234567890ABCDEF24 /* BublAnimationView.swift in Sources */ = {isa = PBXBuildFile; fileRef = ABCDEF1234567890ABCDEF25 /* BublAnimationView.swift */; };
/* End PBXBuildFile section */

/* Begin PBXFileReference section */
		ABCDEF1234567890ABCDEF26 /* BublChatApp.app */ = {isa = PBXFileReference; explicitFileType = wrapper.application; includeInIndex = 0; path = BublChatApp.app; sourceTree = BUILT_PRODUCTS_DIR; };
		ABCDEF1234567890ABCDEF13 /* TestApp.swift */ = {isa = PBXFileReference; lastKnownFileType = sourcecode.swift; path = TestApp.swift; sourceTree = "<group>"; };
		ABCDEF1234567890ABCDEF15 /* TextChatView.swift */ = {isa = PBXFileReference; lastKnownFileType = sourcecode.swift; path = TextChatView.swift; sourceTree = "<group>"; };
		ABCDEF1234567890ABCDEF17 /* Assets.xcassets */ = {isa = PBXFileReference; lastKnownFileType = folder.assetcatalog; path = Assets.xcassets; sourceTree = "<group>"; };
		ABCDEF1234567890ABCDEF19 /* Preview Assets.xcassets */ = {isa = PBXFileReference; lastKnownFileType = folder.assetcatalog; path = "Preview Assets.xcassets"; sourceTree = "<group>"; };
		ABCDEF1234567890ABCDEF21 /* WebSocketManager.swift */ = {isa = PBXFileReference; lastKnownFileType = sourcecode.swift; path = WebSocketManager.swift; sourceTree = "<group>"; };
		ABCDEF1234567890ABCDEF23 /* TextChatViewModel.swift */ = {isa = PBXFileReference; lastKnownFileType = sourcecode.swift; path = TextChatViewModel.swift; sourceTree = "<group>"; };
		ABCDEF1234567890ABCDEF25 /* BublAnimationView.swift */ = {isa = PBXFileReference; lastKnownFileType = sourcecode.swift; path = BublAnimationView.swift; sourceTree = "<group>"; };
		ABCDEF1234567890ABCDEF27 /* Info.plist */ = {isa = PBXFileReference; lastKnownFileType = text.plist.xml; path = Info.plist; sourceTree = "<group>"; };
/* End PBXFileReference section */

/* Begin PBXFrameworksBuildPhase section */
		ABCDEF1234567890ABCDEF28 /* Frameworks */ = {
			isa = PBXFrameworksBuildPhase;
			buildActionMask = 2147483647;
			files = (
			);
			runOnlyForDeploymentPostprocessing = 0;
		};
/* End PBXFrameworksBuildPhase section */

/* Begin PBXGroup section */
		ABCDEF1234567890ABCDEF29 = {
			isa = PBXGroup;
			children = (
				ABCDEF1234567890ABCDEF30 /* BublChatApp */,
				ABCDEF1234567890ABCDEF31 /* Products */,
			);
			sourceTree = "<group>";
		};
		ABCDEF1234567890ABCDEF31 /* Products */ = {
			isa = PBXGroup;
			children = (
				ABCDEF1234567890ABCDEF26 /* BublChatApp.app */,
			);
			name = Products;
			sourceTree = "<group>";
		};
		ABCDEF1234567890ABCDEF30 /* BublChatApp */ = {
			isa = PBXGroup;
			children = (
				ABCDEF1234567890ABCDEF13 /* TestApp.swift */,
				ABCDEF1234567890ABCDEF15 /* TextChatView.swift */,
				ABCDEF1234567890ABCDEF23 /* TextChatViewModel.swift */,
				ABCDEF1234567890ABCDEF21 /* WebSocketManager.swift */,
				ABCDEF1234567890ABCDEF25 /* BublAnimationView.swift */,
				ABCDEF1234567890ABCDEF17 /* Assets.xcassets */,
				ABCDEF1234567890ABCDEF27 /* Info.plist */,
				ABCDEF1234567890ABCDEF32 /* Preview Content */,
			);
			path = BublChatApp;
			sourceTree = "<group>";
		};
		ABCDEF1234567890ABCDEF32 /* Preview Content */ = {
			isa = PBXGroup;
			children = (
				ABCDEF1234567890ABCDEF19 /* Preview Assets.xcassets */,
			);
			path = "Preview Content";
			sourceTree = "<group>";
		};
/* End PBXGroup section */

/* Begin PBXNativeTarget section */
		ABCDEF1234567890ABCDEF33 /* BublChatApp */ = {
			isa = PBXNativeTarget;
			buildConfigurationList = ABCDEF1234567890ABCDEF34 /* Build configuration list for PBXNativeTarget "BublChatApp" */;
			buildPhases = (
				ABCDEF1234567890ABCDEF35 /* Sources */,
				ABCDEF1234567890ABCDEF28 /* Frameworks */,
				ABCDEF1234567890ABCDEF36 /* Resources */,
			);
			buildRules = (
			);
			dependencies = (
			);
			name = BublChatApp;
			productName = BublChatApp;
			productReference = ABCDEF1234567890ABCDEF26 /* BublChatApp.app */;
			productType = "com.apple.product-type.application";
		};
/* End PBXNativeTarget section */

/* Begin PBXProject section */
		ABCDEF1234567890ABCDEF37 /* Project object */ = {
			isa = PBXProject;
			attributes = {
				LastSwiftUpdateCheck = 1250;
				LastUpgradeCheck = 1250;
				TargetAttributes = {
					ABCDEF1234567890ABCDEF33 = {
						CreatedOnToolsVersion = 12.5;
					};
				};
			};
			buildConfigurationList = ABCDEF1234567890ABCDEF38 /* Build configuration list for PBXProject "BublChatApp" */;
			compatibilityVersion = "Xcode 9.3";
			developmentRegion = en;
			hasScannedForEncodings = 0;
			knownRegions = (
				en,
				Base,
			);
			mainGroup = ABCDEF1234567890ABCDEF29;
			productRefGroup = ABCDEF1234567890ABCDEF31 /* Products */;
			projectDirPath = "";
			projectRoot = "";
			targets = (
				ABCDEF1234567890ABCDEF33 /* BublChatApp */,
			);
		};
/* End PBXProject section */

/* Begin PBXResourcesBuildPhase section */
		ABCDEF1234567890ABCDEF36 /* Resources */ = {
			isa = PBXResourcesBuildPhase;
			buildActionMask = 2147483647;
			files = (
				ABCDEF1234567890ABCDEF18 /* Preview Assets.xcassets in Resources */,
				ABCDEF1234567890ABCDEF16 /* Assets.xcassets in Resources */,
			);
			runOnlyForDeploymentPostprocessing = 0;
		};
/* End PBXResourcesBuildPhase section */

/* Begin PBXSourcesBuildPhase section */
		ABCDEF1234567890ABCDEF35 /* Sources */ = {
			isa = PBXSourcesBuildPhase;
			buildActionMask = 2147483647;
			files = (
				ABCDEF1234567890ABCDEF14 /* TextChatView.swift in Sources */,
				ABCDEF1234567890ABCDEF22 /* TextChatViewModel.swift in Sources */,
				ABCDEF1234567890ABCDEF24 /* BublAnimationView.swift in Sources */,
				ABCDEF1234567890ABCDEF20 /* WebSocketManager.swift in Sources */,
				ABCDEF1234567890ABCDEF12 /* TestApp.swift in Sources */,
			);
			runOnlyForDeploymentPostprocessing = 0;
		};
/* End PBXSourcesBuildPhase section */

/* Begin XCBuildConfiguration section */
		ABCDEF1234567890ABCDEF39 /* Debug */ = {
			isa = XCBuildConfiguration;
			buildSettings = {
				ALWAYS_SEARCH_USER_PATHS = NO;
				CLANG_ANALYZER_NONNULL = YES;
				CLANG_ANALYZER_NUMBER_OBJECT_CONVERSION = YES_AGGRESSIVE;
				CLANG_CXX_LANGUAGE_STANDARD = "gnu++14";
				CLANG_CXX_LIBRARY = "libc++";
				CLANG_ENABLE_MODULES = YES;
				CLANG_ENABLE_OBJC_ARC = YES;
				CLANG_ENABLE_OBJC_WEAK = YES;
				CLANG_WARN_BLOCK_CAPTURE_AUTORELEASING = YES;
				CLANG_WARN_BOOL_CONVERSION = YES;
				CLANG_WARN_COMMA = YES;
				CLANG_WARN_CONSTANT_CONVERSION = YES;
				CLANG_WARN_DEPRECATED_OBJC_IMPLEMENTATIONS = YES;
				CLANG_WARN_DIRECT_OBJC_ISA_USAGE = YES_ERROR;
				CLANG_WARN_DOCUMENTATION_COMMENTS = YES;
				CLANG_WARN_EMPTY_BODY = YES;
				CLANG_WARN_ENUM_CONVERSION = YES;
				CLANG_WARN_INFINITE_RECURSION = YES;
				CLANG_WARN_INT_CONVERSION = YES;
				CLANG_WARN_NON_LITERAL_NULL_CONVERSION = YES;
				CLANG_WARN_OBJC_IMPLICIT_RETAIN_SELF = YES;
				CLANG_WARN_OBJC_LITERAL_CONVERSION = YES;
				CLANG_WARN_OBJC_ROOT_CLASS = YES_ERROR;
				CLANG_WARN_QUOTED_INCLUDE_IN_FRAMEWORK_HEADER = YES;
				CLANG_WARN_RANGE_LOOP_ANALYSIS = YES;
				CLANG_WARN_STRICT_PROTOTYPES = YES;
				CLANG_WARN_SUSPICIOUS_MOVE = YES;
				CLANG_WARN_UNGUARDED_AVAILABILITY = YES_AGGRESSIVE;
				CLANG_WARN_UNREACHABLE_CODE = YES;
				CLANG_WARN__DUPLICATE_METHOD_MATCH = YES;
				COPY_PHASE_STRIP = NO;
				DEBUG_INFORMATION_FORMAT = dwarf;
				ENABLE_STRICT_OBJC_MSGSEND = YES;
				ENABLE_TESTABILITY = YES;
				GCC_C_LANGUAGE_STANDARD = gnu11;
				GCC_DYNAMIC_NO_PIC = NO;
				GCC_NO_COMMON_BLOCKS = YES;
				GCC_OPTIMIZATION_LEVEL = 0;
				GCC_PREPROCESSOR_DEFINITIONS = (
					"DEBUG=1",
					"$(inherited)",
				);
				GCC_WARN_64_TO_32_BIT_CONVERSION = YES;
				GCC_WARN_ABOUT_RETURN_TYPE = YES_ERROR;
				GCC_WARN_UNDECLARED_SELECTOR = YES;
				GCC_WARN_UNINITIALIZED_AUTOS = YES_AGGRESSIVE;
				GCC_WARN_UNUSED_FUNCTION = YES;
				GCC_WARN_UNUSED_VARIABLE = YES;
				IPHONEOS_DEPLOYMENT_TARGET = 14.0;
				MTL_ENABLE_DEBUG_INFO = INCLUDE_SOURCE;
				MTL_FAST_MATH = YES;
				ONLY_ACTIVE_ARCH = YES;
				SDKROOT = iphoneos;
				SWIFT_ACTIVE_COMPILATION_CONDITIONS = DEBUG;
				SWIFT_OPTIMIZATION_LEVEL = "-Onone";
			};
			name = Debug;
		};
		ABCDEF1234567890ABCDEF40 /* Release */ = {
			isa = XCBuildConfiguration;
			buildSettings = {
				ALWAYS_SEARCH_USER_PATHS = NO;
				CLANG_ANALYZER_NONNULL = YES;
				CLANG_ANALYZER_NUMBER_OBJECT_CONVERSION = YES_AGGRESSIVE;
				CLANG_CXX_LANGUAGE_STANDARD = "gnu++14";
				CLANG_CXX_LIBRARY = "libc++";
				CLANG_ENABLE_MODULES = YES;
				CLANG_ENABLE_OBJC_ARC = YES;
				CLANG_ENABLE_OBJC_WEAK = YES;
				CLANG_WARN_BLOCK_CAPTURE_AUTORELEASING = YES;
				CLANG_WARN_BOOL_CONVERSION = YES;
				CLANG_WARN_COMMA = YES;
				CLANG_WARN_CONSTANT_CONVERSION = YES;
				CLANG_WARN_DEPRECATED_OBJC_IMPLEMENTATIONS = YES;
				CLANG_WARN_DIRECT_OBJC_ISA_USAGE = YES_ERROR;
				CLANG_WARN_DOCUMENTATION_COMMENTS = YES;
				CLANG_WARN_EMPTY_BODY = YES;
				CLANG_WARN_ENUM_CONVERSION = YES;
				CLANG_WARN_INFINITE_RECURSION = YES;
				CLANG_WARN_INT_CONVERSION = YES;
				CLANG_WARN_NON_LITERAL_NULL_CONVERSION = YES;
				CLANG_WARN_OBJC_IMPLICIT_RETAIN_SELF = YES;
				CLANG_WARN_OBJC_LITERAL_CONVERSION = YES;
				CLANG_WARN_OBJC_ROOT_CLASS = YES_ERROR;
				CLANG_WARN_QUOTED_INCLUDE_IN_FRAMEWORK_HEADER = YES;
				CLANG_WARN_RANGE_LOOP_ANALYSIS = YES;
				CLANG_WARN_STRICT_PROTOTYPES = YES;
				CLANG_WARN_SUSPICIOUS_MOVE = YES;
				CLANG_WARN_UNGUARDED_AVAILABILITY = YES_AGGRESSIVE;
				CLANG_WARN_UNREACHABLE_CODE = YES;
				CLANG_WARN__DUPLICATE_METHOD_MATCH = YES;
				COPY_PHASE_STRIP = NO;
				DEBUG_INFORMATION_FORMAT = "dwarf-with-dsym";
				ENABLE_NS_ASSERTIONS = NO;
				ENABLE_STRICT_OBJC_MSGSEND = YES;
				GCC_C_LANGUAGE_STANDARD = gnu11;
				GCC_NO_COMMON_BLOCKS = YES;
				GCC_WARN_64_TO_32_BIT_CONVERSION = YES;
				GCC_WARN_ABOUT_RETURN_TYPE = YES_ERROR;
				GCC_WARN_UNDECLARED_SELECTOR = YES;
				GCC_WARN_UNINITIALIZED_AUTOS = YES_AGGRESSIVE;
				GCC_WARN_UNUSED_FUNCTION = YES;
				GCC_WARN_UNUSED_VARIABLE = YES;
				IPHONEOS_DEPLOYMENT_TARGET = 14.0;
				MTL_ENABLE_DEBUG_INFO = NO;
				MTL_FAST_MATH = YES;
				SDKROOT = iphoneos;
				SWIFT_COMPILATION_MODE = wholemodule;
				SWIFT_OPTIMIZATION_LEVEL = "-O";
				VALIDATE_PRODUCT = YES;
			};
			name = Release;
		};
		ABCDEF1234567890ABCDEF41 /* Debug */ = {
			isa = XCBuildConfiguration;
			buildSettings = {
				ASSETCATALOG_COMPILER_APPICON_NAME = AppIcon;
				ASSETCATALOG_COMPILER_GLOBAL_ACCENT_COLOR_NAME = AccentColor;
				CODE_SIGN_STYLE = Automatic;
				DEVELOPMENT_ASSET_PATHS = "\"BublChatApp/Preview Content\"";
				ENABLE_PREVIEWS = YES;
				INFOPLIST_FILE = BublChatApp/Info.plist;
				IPHONEOS_DEPLOYMENT_TARGET = 14.0;
				LD_RUNPATH_SEARCH_PATHS = (
					"$(inherited)",
					"@executable_path/Frameworks",
				);
				PRODUCT_BUNDLE_IDENTIFIER = com.bublchat.BublChatApp;
				PRODUCT_NAME = "$(TARGET_NAME)";
				SWIFT_VERSION = 5.0;
				TARGETED_DEVICE_FAMILY = "1,2";
			};
			name = Debug;
		};
		ABCDEF1234567890ABCDEF42 /* Release */ = {
			isa = XCBuildConfiguration;
			buildSettings = {
				ASSETCATALOG_COMPILER_APPICON_NAME = AppIcon;
				ASSETCATALOG_COMPILER_GLOBAL_ACCENT_COLOR_NAME = AccentColor;
				CODE_SIGN_STYLE = Automatic;
				DEVELOPMENT_ASSET_PATHS = "\"BublChatApp/Preview Content\"";
				ENABLE_PREVIEWS = YES;
				INFOPLIST_FILE = BublChatApp/Info.plist;
				IPHONEOS_DEPLOYMENT_TARGET = 14.0;
				LD_RUNPATH_SEARCH_PATHS = (
					"$(inherited)",
					"@executable_path/Frameworks",
				);
				PRODUCT_BUNDLE_IDENTIFIER = com.bublchat.BublChatApp;
				PRODUCT_NAME = "$(TARGET_NAME)";
				SWIFT_VERSION = 5.0;
				TARGETED_DEVICE_FAMILY = "1,2";
			};
			name = Release;
		};
/* End XCBuildConfiguration section */

/* Begin XCConfigurationList section */
		ABCDEF1234567890ABCDEF38 /* Build configuration list for PBXProject "BublChatApp" */ = {
			isa = XCConfigurationList;
			buildConfigurations = (
				ABCDEF1234567890ABCDEF39 /* Debug */,
				ABCDEF1234567890ABCDEF40 /* Release */,
			);
			defaultConfigurationIsVisible = 0;
			defaultConfigurationName = Release;
		};
		ABCDEF1234567890ABCDEF34 /* Build configuration list for PBXNativeTarget "BublChatApp" */ = {
			isa = XCConfigurationList;
			buildConfigurations = (
				ABCDEF1234567890ABCDEF41 /* Debug */,
				ABCDEF1234567890ABCDEF42 /* Release */,
			);
			defaultConfigurationIsVisible = 0;
			defaultConfigurationName = Release;
		};
/* End XCConfigurationList section */
	};
	rootObject = ABCDEF1234567890ABCDEF37 /* Project object */;
} 